// !$*UTF8*$!
{
	archiveVersion = 1;
	classes = {
	};
	objectVersion = 50;
	objects = {

/* Begin PBXBuildFile section */
		C890F55321AC41EF004B3D43 /* AppDelegate.swift in Sources */ = {isa = PBXBuildFile; fileRef = C890F55221AC41EF004B3D43 /* AppDelegate.swift */; };
		C890F55521AC41EF004B3D43 /* ViewController.swift in Sources */ = {isa = PBXBuildFile; fileRef = C890F55421AC41EF004B3D43 /* ViewController.swift */; };
		C890F55821AC41EF004B3D43 /* Main.storyboard in Resources */ = {isa = PBXBuildFile; fileRef = C890F55621AC41EF004B3D43 /* Main.storyboard */; };
		C890F55A21AC41F0004B3D43 /* Assets.xcassets in Resources */ = {isa = PBXBuildFile; fileRef = C890F55921AC41F0004B3D43 /* Assets.xcassets */; };
		C890F55D21AC41F0004B3D43 /* LaunchScreen.storyboard in Resources */ = {isa = PBXBuildFile; fileRef = C890F55B21AC41F0004B3D43 /* LaunchScreen.storyboard */; };
		C890F56B21AC46D8004B3D43 /* Constants.swift in Sources */ = {isa = PBXBuildFile; fileRef = C890F56A21AC46D8004B3D43 /* Constants.swift */; };
		C890F56D21AC4788004B3D43 /* BaseModel.swift in Sources */ = {isa = PBXBuildFile; fileRef = C890F56C21AC4788004B3D43 /* BaseModel.swift */; };
		C890F56F21AC47D0004B3D43 /* APISevice.swift in Sources */ = {isa = PBXBuildFile; fileRef = C890F56E21AC47D0004B3D43 /* APISevice.swift */; };
		C890F57121AC4AE0004B3D43 /* Extensions.swift in Sources */ = {isa = PBXBuildFile; fileRef = C890F57021AC4AE0004B3D43 /* Extensions.swift */; };
		C890F57321AC5A21004B3D43 /* CustomCell.xib in Resources */ = {isa = PBXBuildFile; fileRef = C890F57221AC5A21004B3D43 /* CustomCell.xib */; };
		C890F57521AC5E27004B3D43 /* CustomCollectionViewCell.swift in Sources */ = {isa = PBXBuildFile; fileRef = C890F57421AC5E27004B3D43 /* CustomCollectionViewCell.swift */; };
		C890F57821AC5F98004B3D43 /* CachedImageView.swift in Sources */ = {isa = PBXBuildFile; fileRef = C890F57621AC5F98004B3D43 /* CachedImageView.swift */; };
		C890F57921AC5F98004B3D43 /* DiscardableImageCacheItem.swift in Sources */ = {isa = PBXBuildFile; fileRef = C890F57721AC5F98004B3D43 /* DiscardableImageCacheItem.swift */; };
		F8A144D12212C5C630BF4EA3 /* Pods_Property_Finder.framework in Frameworks */ = {isa = PBXBuildFile; fileRef = 18C2759DA6221319052E0999 /* Pods_Property_Finder.framework */; };
/* End PBXBuildFile section */

/* Begin PBXFileReference section */
		11351D15A21450BE2DEED34B /* Pods-Property_Finder.debug.xcconfig */ = {isa = PBXFileReference; includeInIndex = 1; lastKnownFileType = text.xcconfig; name = "Pods-Property_Finder.debug.xcconfig"; path = "Pods/Target Support Files/Pods-Property_Finder/Pods-Property_Finder.debug.xcconfig"; sourceTree = "<group>"; };
		18C2759DA6221319052E0999 /* Pods_Property_Finder.framework */ = {isa = PBXFileReference; explicitFileType = wrapper.framework; includeInIndex = 0; path = Pods_Property_Finder.framework; sourceTree = BUILT_PRODUCTS_DIR; };
		C4DD6562B461B0AFC6F91AD5 /* Pods-Property_Finder.release.xcconfig */ = {isa = PBXFileReference; includeInIndex = 1; lastKnownFileType = text.xcconfig; name = "Pods-Property_Finder.release.xcconfig"; path = "Pods/Target Support Files/Pods-Property_Finder/Pods-Property_Finder.release.xcconfig"; sourceTree = "<group>"; };
		C890F54F21AC41EF004B3D43 /* Property_Finder.app */ = {isa = PBXFileReference; explicitFileType = wrapper.application; includeInIndex = 0; path = Property_Finder.app; sourceTree = BUILT_PRODUCTS_DIR; };
		C890F55221AC41EF004B3D43 /* AppDelegate.swift */ = {isa = PBXFileReference; lastKnownFileType = sourcecode.swift; path = AppDelegate.swift; sourceTree = "<group>"; };
		C890F55421AC41EF004B3D43 /* ViewController.swift */ = {isa = PBXFileReference; lastKnownFileType = sourcecode.swift; path = ViewController.swift; sourceTree = "<group>"; };
		C890F55721AC41EF004B3D43 /* Base */ = {isa = PBXFileReference; lastKnownFileType = file.storyboard; name = Base; path = Base.lproj/Main.storyboard; sourceTree = "<group>"; };
		C890F55921AC41F0004B3D43 /* Assets.xcassets */ = {isa = PBXFileReference; lastKnownFileType = folder.assetcatalog; path = Assets.xcassets; sourceTree = "<group>"; };
		C890F55C21AC41F0004B3D43 /* Base */ = {isa = PBXFileReference; lastKnownFileType = file.storyboard; name = Base; path = Base.lproj/LaunchScreen.storyboard; sourceTree = "<group>"; };
		C890F55E21AC41F0004B3D43 /* Info.plist */ = {isa = PBXFileReference; lastKnownFileType = text.plist.xml; path = Info.plist; sourceTree = "<group>"; };
		C890F56A21AC46D8004B3D43 /* Constants.swift */ = {isa = PBXFileReference; lastKnownFileType = sourcecode.swift; path = Constants.swift; sourceTree = "<group>"; };
		C890F56C21AC4788004B3D43 /* BaseModel.swift */ = {isa = PBXFileReference; lastKnownFileType = sourcecode.swift; path = BaseModel.swift; sourceTree = "<group>"; };
		C890F56E21AC47D0004B3D43 /* APISevice.swift */ = {isa = PBXFileReference; lastKnownFileType = sourcecode.swift; path = APISevice.swift; sourceTree = "<group>"; };
		C890F57021AC4AE0004B3D43 /* Extensions.swift */ = {isa = PBXFileReference; lastKnownFileType = sourcecode.swift; path = Extensions.swift; sourceTree = "<group>"; };
		C890F57221AC5A21004B3D43 /* CustomCell.xib */ = {isa = PBXFileReference; lastKnownFileType = file.xib; path = CustomCell.xib; sourceTree = "<group>"; };
		C890F57421AC5E27004B3D43 /* CustomCollectionViewCell.swift */ = {isa = PBXFileReference; lastKnownFileType = sourcecode.swift; path = CustomCollectionViewCell.swift; sourceTree = "<group>"; };
		C890F57621AC5F98004B3D43 /* CachedImageView.swift */ = {isa = PBXFileReference; fileEncoding = 4; lastKnownFileType = sourcecode.swift; path = CachedImageView.swift; sourceTree = "<group>"; };
		C890F57721AC5F98004B3D43 /* DiscardableImageCacheItem.swift */ = {isa = PBXFileReference; fileEncoding = 4; lastKnownFileType = sourcecode.swift; path = DiscardableImageCacheItem.swift; sourceTree = "<group>"; };
/* End PBXFileReference section */

/* Begin PBXFrameworksBuildPhase section */
		C890F54C21AC41EF004B3D43 /* Frameworks */ = {
			isa = PBXFrameworksBuildPhase;
			buildActionMask = 2147483647;
			files = (
				F8A144D12212C5C630BF4EA3 /* Pods_Property_Finder.framework in Frameworks */,
			);
			runOnlyForDeploymentPostprocessing = 0;
		};
/* End PBXFrameworksBuildPhase section */

/* Begin PBXGroup section */
		67F4AF97772E21D6C42F27F3 /* Frameworks */ = {
			isa = PBXGroup;
			children = (
				18C2759DA6221319052E0999 /* Pods_Property_Finder.framework */,
			);
			name = Frameworks;
			sourceTree = "<group>";
		};
		6E52A1207583F7172C32FD4F /* Pods */ = {
			isa = PBXGroup;
			children = (
				11351D15A21450BE2DEED34B /* Pods-Property_Finder.debug.xcconfig */,
				C4DD6562B461B0AFC6F91AD5 /* Pods-Property_Finder.release.xcconfig */,
			);
			name = Pods;
			sourceTree = "<group>";
		};
		C890F54621AC41EF004B3D43 = {
			isa = PBXGroup;
			children = (
				C890F55121AC41EF004B3D43 /* Property_Finder */,
				C890F55021AC41EF004B3D43 /* Products */,
				6E52A1207583F7172C32FD4F /* Pods */,
				67F4AF97772E21D6C42F27F3 /* Frameworks */,
			);
			sourceTree = "<group>";
		};
		C890F55021AC41EF004B3D43 /* Products */ = {
			isa = PBXGroup;
			children = (
				C890F54F21AC41EF004B3D43 /* Property_Finder.app */,
			);
			name = Products;
			sourceTree = "<group>";
		};
		C890F55121AC41EF004B3D43 /* Property_Finder */ = {
			isa = PBXGroup;
			children = (
				C890F56421AC4655004B3D43 /* Model */,
				C890F56521AC465A004B3D43 /* View */,
				C890F56621AC4660004B3D43 /* Controller */,
				C890F56721AC468B004B3D43 /* Services */,
				C890F56821AC46AB004B3D43 /* Supporting files */,
				C890F56921AC46C5004B3D43 /* Utilities */,
				C890F55221AC41EF004B3D43 /* AppDelegate.swift */,
				C890F55621AC41EF004B3D43 /* Main.storyboard */,
				C890F55921AC41F0004B3D43 /* Assets.xcassets */,
				C890F55B21AC41F0004B3D43 /* LaunchScreen.storyboard */,
				C890F55E21AC41F0004B3D43 /* Info.plist */,
			);
			path = Property_Finder;
			sourceTree = "<group>";
		};
		C890F56421AC4655004B3D43 /* Model */ = {
			isa = PBXGroup;
			children = (
				C890F56C21AC4788004B3D43 /* BaseModel.swift */,
			);
			path = Model;
			sourceTree = "<group>";
		};
		C890F56521AC465A004B3D43 /* View */ = {
			isa = PBXGroup;
			children = (
				C890F57221AC5A21004B3D43 /* CustomCell.xib */,
				C890F57421AC5E27004B3D43 /* CustomCollectionViewCell.swift */,
			);
			path = View;
			sourceTree = "<group>";
		};
		C890F56621AC4660004B3D43 /* Controller */ = {
			isa = PBXGroup;
			children = (
				C890F55421AC41EF004B3D43 /* ViewController.swift */,
			);
			path = Controller;
			sourceTree = "<group>";
		};
		C890F56721AC468B004B3D43 /* Services */ = {
			isa = PBXGroup;
			children = (
				C890F56E21AC47D0004B3D43 /* APISevice.swift */,
			);
			path = Services;
			sourceTree = "<group>";
		};
		C890F56821AC46AB004B3D43 /* Supporting files */ = {
			isa = PBXGroup;
			children = (
				C890F57621AC5F98004B3D43 /* CachedImageView.swift */,
				C890F57721AC5F98004B3D43 /* DiscardableImageCacheItem.swift */,
				C890F57021AC4AE0004B3D43 /* Extensions.swift */,
			);
			path = "Supporting files";
			sourceTree = "<group>";
		};
		C890F56921AC46C5004B3D43 /* Utilities */ = {
			isa = PBXGroup;
			children = (
				C890F56A21AC46D8004B3D43 /* Constants.swift */,
			);
			path = Utilities;
			sourceTree = "<group>";
		};
/* End PBXGroup section */

/* Begin PBXNativeTarget section */
		C890F54E21AC41EF004B3D43 /* Property_Finder */ = {
			isa = PBXNativeTarget;
			buildConfigurationList = C890F56121AC41F0004B3D43 /* Build configuration list for PBXNativeTarget "Property_Finder" */;
			buildPhases = (
				45CEE1D50ABAACBE4664B24F /* [CP] Check Pods Manifest.lock */,
				C890F54B21AC41EF004B3D43 /* Sources */,
				C890F54C21AC41EF004B3D43 /* Frameworks */,
				C890F54D21AC41EF004B3D43 /* Resources */,
				6AD8112FBBAEEFC198DE75E9 /* [CP] Embed Pods Frameworks */,
			);
			buildRules = (
			);
			dependencies = (
			);
			name = Property_Finder;
			productName = Property_Finder;
			productReference = C890F54F21AC41EF004B3D43 /* Property_Finder.app */;
			productType = "com.apple.product-type.application";
		};
/* End PBXNativeTarget section */

/* Begin PBXProject section */
		C890F54721AC41EF004B3D43 /* Project object */ = {
			isa = PBXProject;
			attributes = {
				LastSwiftUpdateCheck = 1010;
				LastUpgradeCheck = 1010;
				ORGANIZATIONNAME = "Asad 'Bunny'";
				TargetAttributes = {
					C890F54E21AC41EF004B3D43 = {
						CreatedOnToolsVersion = 10.1;
					};
				};
			};
			buildConfigurationList = C890F54A21AC41EF004B3D43 /* Build configuration list for PBXProject "Property_Finder" */;
			compatibilityVersion = "Xcode 9.3";
			developmentRegion = en;
			hasScannedForEncodings = 0;
			knownRegions = (
				en,
				Base,
			);
			mainGroup = C890F54621AC41EF004B3D43;
			productRefGroup = C890F55021AC41EF004B3D43 /* Products */;
			projectDirPath = "";
			projectRoot = "";
			targets = (
				C890F54E21AC41EF004B3D43 /* Property_Finder */,
			);
		};
/* End PBXProject section */

/* Begin PBXResourcesBuildPhase section */
		C890F54D21AC41EF004B3D43 /* Resources */ = {
			isa = PBXResourcesBuildPhase;
			buildActionMask = 2147483647;
			files = (
				C890F55D21AC41F0004B3D43 /* LaunchScreen.storyboard in Resources */,
				C890F55A21AC41F0004B3D43 /* Assets.xcassets in Resources */,
				C890F57321AC5A21004B3D43 /* CustomCell.xib in Resources */,
				C890F55821AC41EF004B3D43 /* Main.storyboard in Resources */,
			);
			runOnlyForDeploymentPostprocessing = 0;
		};
/* End PBXResourcesBuildPhase section */

/* Begin PBXShellScriptBuildPhase section */
		45CEE1D50ABAACBE4664B24F /* [CP] Check Pods Manifest.lock */ = {
			isa = PBXShellScriptBuildPhase;
			buildActionMask = 2147483647;
			files = (
			);
			inputPaths = (
				"${PODS_PODFILE_DIR_PATH}/Podfile.lock",
				"${PODS_ROOT}/Manifest.lock",
			);
			name = "[CP] Check Pods Manifest.lock";
			outputPaths = (
				"$(DERIVED_FILE_DIR)/Pods-Property_Finder-checkManifestLockResult.txt",
			);
			runOnlyForDeploymentPostprocessing = 0;
			shellPath = /bin/sh;
			shellScript = "diff \"${PODS_PODFILE_DIR_PATH}/Podfile.lock\" \"${PODS_ROOT}/Manifest.lock\" > /dev/null\nif [ $? != 0 ] ; then\n    # print error to STDERR\n    echo \"error: The sandbox is not in sync with the Podfile.lock. Run 'pod install' or update your CocoaPods installation.\" >&2\n    exit 1\nfi\n# This output is used by Xcode 'outputs' to avoid re-running this script phase.\necho \"SUCCESS\" > \"${SCRIPT_OUTPUT_FILE_0}\"\n";
			showEnvVarsInLog = 0;
		};
		6AD8112FBBAEEFC198DE75E9 /* [CP] Embed Pods Frameworks */ = {
			isa = PBXShellScriptBuildPhase;
			buildActionMask = 2147483647;
			files = (
			);
			inputPaths = (
				"${SRCROOT}/Pods/Target Support Files/Pods-Property_Finder/Pods-Property_Finder-frameworks.sh",
				"${BUILT_PRODUCTS_DIR}/Alamofire/Alamofire.framework",
				"${BUILT_PRODUCTS_DIR}/ReachabilitySwift/Reachability.framework",
			);
			name = "[CP] Embed Pods Frameworks";
			outputPaths = (
				"${TARGET_BUILD_DIR}/${FRAMEWORKS_FOLDER_PATH}/Alamofire.framework",
				"${TARGET_BUILD_DIR}/${FRAMEWORKS_FOLDER_PATH}/Reachability.framework",
			);
			runOnlyForDeploymentPostprocessing = 0;
			shellPath = /bin/sh;
			shellScript = "\"${SRCROOT}/Pods/Target Support Files/Pods-Property_Finder/Pods-Property_Finder-frameworks.sh\"\n";
			showEnvVarsInLog = 0;
		};
/* End PBXShellScriptBuildPhase section */

/* Begin PBXSourcesBuildPhase section */
		C890F54B21AC41EF004B3D43 /* Sources */ = {
			isa = PBXSourcesBuildPhase;
			buildActionMask = 2147483647;
			files = (
				C890F56F21AC47D0004B3D43 /* APISevice.swift in Sources */,
				C890F57521AC5E27004B3D43 /* CustomCollectionViewCell.swift in Sources */,
				C890F57921AC5F98004B3D43 /* DiscardableImageCacheItem.swift in Sources */,
				C890F57121AC4AE0004B3D43 /* Extensions.swift in Sources */,
				C890F55521AC41EF004B3D43 /* ViewController.swift in Sources */,
				C890F55321AC41EF004B3D43 /* AppDelegate.swift in Sources */,
				C890F56D21AC4788004B3D43 /* BaseModel.swift in Sources */,
				C890F57821AC5F98004B3D43 /* CachedImageView.swift in Sources */,
				C890F56B21AC46D8004B3D43 /* Constants.swift in Sources */,
			);
			runOnlyForDeploymentPostprocessing = 0;
		};
/* End PBXSourcesBuildPhase section */

/* Begin PBXVariantGroup section */
		C890F55621AC41EF004B3D43 /* Main.storyboard */ = {
			isa = PBXVariantGroup;
			children = (
				C890F55721AC41EF004B3D43 /* Base */,
			);
			name = Main.storyboard;
			sourceTree = "<group>";
		};
		C890F55B21AC41F0004B3D43 /* LaunchScreen.storyboard */ = {
			isa = PBXVariantGroup;
			children = (
				C890F55C21AC41F0004B3D43 /* Base */,
			);
			name = LaunchScreen.storyboard;
			sourceTree = "<group>";
		};
/* End PBXVariantGroup section */

/* Begin XCBuildConfiguration section */
		C890F55F21AC41F0004B3D43 /* Debug */ = {
			isa = XCBuildConfiguration;
			buildSettings = {
				ALWAYS_SEARCH_USER_PATHS = NO;
				CLANG_ANALYZER_NONNULL = YES;
				CLANG_ANALYZER_NUMBER_OBJECT_CONVERSION = YES_AGGRESSIVE;
				CLANG_CXX_LANGUAGE_STANDARD = "gnu++14";
				CLANG_CXX_LIBRARY = "libc++";
				CLANG_ENABLE_MODULES = YES;
				CLANG_ENABLE_OBJC_ARC = YES;
				CLANG_ENABLE_OBJC_WEAK = YES;
				CLANG_WARN_BLOCK_CAPTURE_AUTORELEASING = YES;
				CLANG_WARN_BOOL_CONVERSION = YES;
				CLANG_WARN_COMMA = YES;
				CLANG_WARN_CONSTANT_CONVERSION = YES;
				CLANG_WARN_DEPRECATED_OBJC_IMPLEMENTATIONS = YES;
				CLANG_WARN_DIRECT_OBJC_ISA_USAGE = YES_ERROR;
				CLANG_WARN_DOCUMENTATION_COMMENTS = YES;
				CLANG_WARN_EMPTY_BODY = YES;
				CLANG_WARN_ENUM_CONVERSION = YES;
				CLANG_WARN_INFINITE_RECURSION = YES;
				CLANG_WARN_INT_CONVERSION = YES;
				CLANG_WARN_NON_LITERAL_NULL_CONVERSION = YES;
				CLANG_WARN_OBJC_IMPLICIT_RETAIN_SELF = YES;
				CLANG_WARN_OBJC_LITERAL_CONVERSION = YES;
				CLANG_WARN_OBJC_ROOT_CLASS = YES_ERROR;
				CLANG_WARN_RANGE_LOOP_ANALYSIS = YES;
				CLANG_WARN_STRICT_PROTOTYPES = YES;
				CLANG_WARN_SUSPICIOUS_MOVE = YES;
				CLANG_WARN_UNGUARDED_AVAILABILITY = YES_AGGRESSIVE;
				CLANG_WARN_UNREACHABLE_CODE = YES;
				CLANG_WARN__DUPLICATE_METHOD_MATCH = YES;
				CODE_SIGN_IDENTITY = "iPhone Developer";
				COPY_PHASE_STRIP = NO;
				DEBUG_INFORMATION_FORMAT = dwarf;
				ENABLE_STRICT_OBJC_MSGSEND = YES;
				ENABLE_TESTABILITY = YES;
				GCC_C_LANGUAGE_STANDARD = gnu11;
				GCC_DYNAMIC_NO_PIC = NO;
				GCC_NO_COMMON_BLOCKS = YES;
				GCC_OPTIMIZATION_LEVEL = 0;
				GCC_PREPROCESSOR_DEFINITIONS = (
					"DEBUG=1",
					"$(inherited)",
				);
				GCC_WARN_64_TO_32_BIT_CONVERSION = YES;
				GCC_WARN_ABOUT_RETURN_TYPE = YES_ERROR;
				GCC_WARN_UNDECLARED_SELECTOR = YES;
				GCC_WARN_UNINITIALIZED_AUTOS = YES_AGGRESSIVE;
				GCC_WARN_UNUSED_FUNCTION = YES;
				GCC_WARN_UNUSED_VARIABLE = YES;
				IPHONEOS_DEPLOYMENT_TARGET = 12.1;
				MTL_ENABLE_DEBUG_INFO = INCLUDE_SOURCE;
				MTL_FAST_MATH = YES;
				ONLY_ACTIVE_ARCH = YES;
				SDKROOT = iphoneos;
				SWIFT_ACTIVE_COMPILATION_CONDITIONS = DEBUG;
				SWIFT_OPTIMIZATION_LEVEL = "-Onone";
			};
			name = Debug;
		};
		C890F56021AC41F0004B3D43 /* Release */ = {
			isa = XCBuildConfiguration;
			buildSettings = {
				ALWAYS_SEARCH_USER_PATHS = NO;
				CLANG_ANALYZER_NONNULL = YES;
				CLANG_ANALYZER_NUMBER_OBJECT_CONVERSION = YES_AGGRESSIVE;
				CLANG_CXX_LANGUAGE_STANDARD = "gnu++14";
				CLANG_CXX_LIBRARY = "libc++";
				CLANG_ENABLE_MODULES = YES;
				CLANG_ENABLE_OBJC_ARC = YES;
				CLANG_ENABLE_OBJC_WEAK = YES;
				CLANG_WARN_BLOCK_CAPTURE_AUTORELEASING = YES;
				CLANG_WARN_BOOL_CONVERSION = YES;
				CLANG_WARN_COMMA = YES;
				CLANG_WARN_CONSTANT_CONVERSION = YES;
				CLANG_WARN_DEPRECATED_OBJC_IMPLEMENTATIONS = YES;
				CLANG_WARN_DIRECT_OBJC_ISA_USAGE = YES_ERROR;
				CLANG_WARN_DOCUMENTATION_COMMENTS = YES;
				CLANG_WARN_EMPTY_BODY = YES;
				CLANG_WARN_ENUM_CONVERSION = YES;
				CLANG_WARN_INFINITE_RECURSION = YES;
				CLANG_WARN_INT_CONVERSION = YES;
				CLANG_WARN_NON_LITERAL_NULL_CONVERSION = YES;
				CLANG_WARN_OBJC_IMPLICIT_RETAIN_SELF = YES;
				CLANG_WARN_OBJC_LITERAL_CONVERSION = YES;
				CLANG_WARN_OBJC_ROOT_CLASS = YES_ERROR;
				CLANG_WARN_RANGE_LOOP_ANALYSIS = YES;
				CLANG_WARN_STRICT_PROTOTYPES = YES;
				CLANG_WARN_SUSPICIOUS_MOVE = YES;
				CLANG_WARN_UNGUARDED_AVAILABILITY = YES_AGGRESSIVE;
				CLANG_WARN_UNREACHABLE_CODE = YES;
				CLANG_WARN__DUPLICATE_METHOD_MATCH = YES;
				CODE_SIGN_IDENTITY = "iPhone Developer";
				COPY_PHASE_STRIP = NO;
				DEBUG_INFORMATION_FORMAT = "dwarf-with-dsym";
				ENABLE_NS_ASSERTIONS = NO;
				ENABLE_STRICT_OBJC_MSGSEND = YES;
				GCC_C_LANGUAGE_STANDARD = gnu11;
				GCC_NO_COMMON_BLOCKS = YES;
				GCC_WARN_64_TO_32_BIT_CONVERSION = YES;
				GCC_WARN_ABOUT_RETURN_TYPE = YES_ERROR;
				GCC_WARN_UNDECLARED_SELECTOR = YES;
				GCC_WARN_UNINITIALIZED_AUTOS = YES_AGGRESSIVE;
				GCC_WARN_UNUSED_FUNCTION = YES;
				GCC_WARN_UNUSED_VARIABLE = YES;
				IPHONEOS_DEPLOYMENT_TARGET = 12.1;
				MTL_ENABLE_DEBUG_INFO = NO;
				MTL_FAST_MATH = YES;
				SDKROOT = iphoneos;
				SWIFT_COMPILATION_MODE = wholemodule;
				SWIFT_OPTIMIZATION_LEVEL = "-O";
				VALIDATE_PRODUCT = YES;
			};
			name = Release;
		};
		C890F56221AC41F0004B3D43 /* Debug */ = {
			isa = XCBuildConfiguration;
			baseConfigurationReference = 11351D15A21450BE2DEED34B /* Pods-Property_Finder.debug.xcconfig */;
			buildSettings = {
				ASSETCATALOG_COMPILER_APPICON_NAME = AppIcon;
				CODE_SIGN_STYLE = Automatic;
				DEVELOPMENT_TEAM = 2L7U2WY396;
				INFOPLIST_FILE = Property_Finder/Info.plist;
				IPHONEOS_DEPLOYMENT_TARGET = 12.0;
				LD_RUNPATH_SEARCH_PATHS = (
					"$(inherited)",
					"@executable_path/Frameworks",
				);
				PRODUCT_BUNDLE_IDENTIFIER = "com.iem.basketball.Property-Finder";
				PRODUCT_NAME = "$(TARGET_NAME)";
				SWIFT_VERSION = 4.2;
				TARGETED_DEVICE_FAMILY = 1;
			};
			name = Debug;
		};
		C890F56321AC41F0004B3D43 /* Release */ = {
			isa = XCBuildConfiguration;
			baseConfigurationReference = C4DD6562B461B0AFC6F91AD5 /* Pods-Property_Finder.release.xcconfig */;
			buildSettings = {
				ASSETCATALOG_COMPILER_APPICON_NAME = AppIcon;
				CODE_SIGN_STYLE = Automatic;
				DEVELOPMENT_TEAM = 2L7U2WY396;
				INFOPLIST_FILE = Property_Finder/Info.plist;
				IPHONEOS_DEPLOYMENT_TARGET = 12.0;
				LD_RUNPATH_SEARCH_PATHS = (
					"$(inherited)",
					"@executable_path/Frameworks",
				);
				PRODUCT_BUNDLE_IDENTIFIER = "com.iem.basketball.Property-Finder";
				PRODUCT_NAME = "$(TARGET_NAME)";
				SWIFT_VERSION = 4.2;
				TARGETED_DEVICE_FAMILY = 1;
			};
			name = Release;
		};
/* End XCBuildConfiguration section */

/* Begin XCConfigurationList section */
		C890F54A21AC41EF004B3D43 /* Build configuration list for PBXProject "Property_Finder" */ = {
			isa = XCConfigurationList;
			buildConfigurations = (
				C890F55F21AC41F0004B3D43 /* Debug */,
				C890F56021AC41F0004B3D43 /* Release */,
			);
			defaultConfigurationIsVisible = 0;
			defaultConfigurationName = Release;
		};
		C890F56121AC41F0004B3D43 /* Build configuration list for PBXNativeTarget "Property_Finder" */ = {
			isa = XCConfigurationList;
			buildConfigurations = (
				C890F56221AC41F0004B3D43 /* Debug */,
				C890F56321AC41F0004B3D43 /* Release */,
			);
			defaultConfigurationIsVisible = 0;
			defaultConfigurationName = Release;
		};
/* End XCConfigurationList section */
	};
	rootObject = C890F54721AC41EF004B3D43 /* Project object */;
}
