PODS:
  - Alamofire (4.7.3)
  - ReachabilitySwift (4.2.1)

DEPENDENCIES:
  - Alamofire
  - ReachabilitySwift

SPEC REPOS:
  https://github.com/cocoapods/specs.git:
    - Alamofire
    - ReachabilitySwift

SPEC CHECKSUMS:
  Alamofire: c7287b6e5d7da964a70935e5db17046b7fde6568
  ReachabilitySwift: 35720ffea59c1c76d15f885be77fd33e33985427

PODFILE CHECKSUM: 823ed103e44f5597974d533865305abcaec3e031

COCOAPODS: 1.5.3
